
Microsoft Visual Studio Solution File, Format Version 12.00
# Visual Studio Version 16
VisualStudioVersion = 16.0.30803.129
MinimumVisualStudioVersion = 10.0.40219.1
Project("{FAE04EC0-301F-11D3-BF4B-00C04F79EFBC}") = "SWTranslationUpdater", "SWTranslationUpdater\SWTranslationUpdater.csproj", "{1043497F-744E-44C4-8180-1A3CE076C87F}"
EndProject
Global
	GlobalSection(SolutionConfigurationPlatforms) = preSolution
		Debug|Any CPU = Debug|Any CPU
		Release|Any CPU = Release|Any CPU
	EndGlobalSection
	GlobalSection(ProjectConfigurationPlatforms) = postSolution
		{1043497F-744E-44C4-8180-1A3CE076C87F}.Debug|Any CPU.ActiveCfg = Debug|Any CPU
		{1043497F-744E-44C4-8180-1A3CE076C87F}.Debug|Any CPU.Build.0 = Debug|Any CPU
		{1043497F-744E-44C4-8180-1A3CE076C87F}.Release|Any CPU.ActiveCfg = Release|Any CPU
		{1043497F-744E-44C4-8180-1A3CE076C87F}.Release|Any CPU.Build.0 = Release|Any CPU
	EndGlobalSection
	GlobalSection(SolutionProperties) = preSolution
		HideSolutionNode = FALSE
	EndGlobalSection
	GlobalSection(ExtensibilityGlobals) = postSolution
		SolutionGuid = {3FE3F2E6-9652-45F7-904F-8C3467309FAD}
	EndGlobalSection
EndGlobal
